<?xml version="1.0" encoding="utf-8"?>
<Project ToolsVersion="4.0" xmlns="http://schemas.microsoft.com/developer/msbuild/2003">
  <ItemGroup>
    <Filter Include="Source Files">
      <UniqueIdentifier>{4FC737F1-C7A5-4376-A066-2A32D752A2FF}</UniqueIdentifier>
      <Extensions>cpp;c;cc;cxx;def;odl;idl;hpj;bat;asm;asmx</Extensions>
    </Filter>
    <Filter Include="Header Files">
      <UniqueIdentifier>{93995380-89BD-4b04-88EB-625FBE52EBFB}</UniqueIdentifier>
      <Extensions>h;hh;hpp;hxx;hm;inl;inc;ipp;xsd</Extensions>
    </Filter>
    <Filter Include="Resource Files">
      <UniqueIdentifier>{67DA6AB6-F800-4c08-8B7A-83BB121AAD01}</UniqueIdentifier>
      <Extensions>rc;ico;cur;bmp;dlg;rc2;rct;bin;rgs;gif;jpg;jpeg;jpe;resx;tiff;tif;png;wav;mfcribbon-ms</Extensions>
    </Filter>
    <Filter Include="Shares">
      <UniqueIdentifier>{a7faac5f-49f9-4f86-95ab-0ad74906ebc3}</UniqueIdentifier>
    </Filter>
    <Filter Include="Shares\Packets">
      <UniqueIdentifier>{7dd33ddb-3364-4d68-89ee-7609e6353504}</UniqueIdentifier>
    </Filter>
    <Filter Include="Shares\Timer">
      <UniqueIdentifier>{4577b928-3582-4b09-b9ad-c60917b7e9b3}</UniqueIdentifier>
    </Filter>
  </ItemGroup>
  <ItemGroup>
    <ClCompile Include="src\main.cpp">
      <Filter>Source Files</Filter>
    </ClCompile>
    <ClCompile Include="src\process_received_packet.cpp">
      <Filter>Source Files</Filter>
    </ClCompile>
    <ClCompile Include="src\process_send_packet.cpp">
      <Filter>Source Files</Filter>
    </ClCompile>
    <ClCompile Include="src\asteroid.cpp">
      <Filter>Source Files</Filter>
    </ClCompile>
    <ClCompile Include="..\Shares\timer\timer.cpp">
      <Filter>Shares\Timer</Filter>
    </ClCompile>
    <ClCompile Include="src\timebomb.cpp">
      <Filter>Source Files</Filter>
    </ClCompile>
    <ClCompile Include="src\medKit.cpp">
      <Filter>Source Files</Filter>
    </ClCompile>
  </ItemGroup>
  <ItemGroup>
    <ClInclude Include="src\ship.h">
      <Filter>Header Files</Filter>
    </ClInclude>
    <ClInclude Include="src\process_received_packet.h">
      <Filter>Header Files</Filter>
    </ClInclude>
    <ClInclude Include="src\process_send_packet.h">
      <Filter>Header Files</Filter>
    </ClInclude>
    <ClInclude Include="src\asteroid.h">
      <Filter>Header Files</Filter>
    </ClInclude>
    <ClInclude Include="..\Shares\packets\packets_c2s.h">
      <Filter>Shares\Packets</Filter>
    </ClInclude>
    <ClInclude Include="..\Shares\packets\packets_s2c.h">
      <Filter>Shares\Packets</Filter>
    </ClInclude>
    <ClInclude Include="..\Shares\timer\timer.h">
      <Filter>Shares\Timer</Filter>
    </ClInclude>
    <ClInclude Include="src\timebomb.h">
      <Filter>Header Files</Filter>
    </ClInclude>
    <ClInclude Include="src\medKit.h">
      <Filter>Header Files</Filter>
    </ClInclude>
  </ItemGroup>
</Project>