<?xml version="1.0" encoding="utf-8"?>
<Project ToolsVersion="4.0" xmlns="http://schemas.microsoft.com/developer/msbuild/2003">
  <ItemGroup>
    <ClCompile Include="Source\LightManager.cpp" />
    <ClCompile Include="Source\AnimatedMesh.cpp">
      <Filter>Source</Filter>
    </ClCompile>
    <ClCompile Include="Source\Application.cpp">
      <Filter>Source</Filter>
    </ClCompile>
    <ClCompile Include="Source\AudioManager.cpp">
      <Filter>Source</Filter>
    </ClCompile>
    <ClCompile Include="Source\Camera.cpp">
      <Filter>Source</Filter>
    </ClCompile>
    <ClCompile Include="Source\CameraComponent.cpp">
      <Filter>Source</Filter>
    </ClCompile>
    <ClCompile Include="Source\ComponentBase.cpp">
      <Filter>Source</Filter>
    </ClCompile>
    <ClCompile Include="Source\Constrain.cpp">
      <Filter>Source</Filter>
    </ClCompile>
    <ClCompile Include="Source\CrouchingState.cpp">
      <Filter>Source</Filter>
    </ClCompile>
    <ClCompile Include="Source\DataContainer.cpp">
      <Filter>Source</Filter>
    </ClCompile>
    <ClCompile Include="Source\DepthFBO.cpp">
      <Filter>Source</Filter>
    </ClCompile>
    <ClCompile Include="Source\Engine.cpp">
      <Filter>Source</Filter>
    </ClCompile>
    <ClCompile Include="Source\GameObject.cpp">
      <Filter>Source</Filter>
    </ClCompile>
    <ClCompile Include="Source\GameObjectManager.cpp">
      <Filter>Source</Filter>
    </ClCompile>
    <ClCompile Include="Source\HeightMapData.cpp">
      <Filter>Source</Filter>
    </ClCompile>
    <ClCompile Include="Source\KeyboardManager.cpp">
      <Filter>Source</Filter>
    </ClCompile>
    <ClCompile Include="Source\LayerData.cpp">
      <Filter>Source</Filter>
    </ClCompile>
    <ClCompile Include="Source\LightManager.cpp">
      <Filter>Source</Filter>
    </ClCompile>
    <ClCompile Include="Source\LoadHmap.cpp">
      <Filter>Source</Filter>
    </ClCompile>
    <ClCompile Include="Source\LoadOBJ.cpp">
      <Filter>Source</Filter>
    </ClCompile>
    <ClCompile Include="Source\LoadTGA.cpp">
      <Filter>Source</Filter>
    </ClCompile>
    <ClCompile Include="Source\Locator.cpp">
      <Filter>Source</Filter>
    </ClCompile>
    <ClCompile Include="Source\LogData.cpp">
      <Filter>Source</Filter>
    </ClCompile>
    <ClCompile Include="Source\Logger.cpp">
      <Filter>Source</Filter>
    </ClCompile>
    <ClCompile Include="Source\main.cpp">
      <Filter>Source</Filter>
    </ClCompile>
    <ClCompile Include="Source\Mesh.cpp">
      <Filter>Source</Filter>
    </ClCompile>
    <ClCompile Include="Source\MeshBuilder.cpp">
      <Filter>Source</Filter>
    </ClCompile>
    <ClCompile Include="Source\MeshController.cpp">
      <Filter>Source</Filter>
    </ClCompile>
    <ClCompile Include="Source\ParticleScript.cpp">
      <Filter>Source</Filter>
    </ClCompile>
    <ClCompile Include="Source\ParticleSpawnerScript.cpp">
      <Filter>Source</Filter>
    </ClCompile>
    <ClCompile Include="Source\PhysicsMaterial.cpp">
      <Filter>Source</Filter>
    </ClCompile>
    <ClCompile Include="Source\PlayerState.cpp">
      <Filter>Source</Filter>
    </ClCompile>
    <ClCompile Include="Source\Preferences.cpp">
      <Filter>Source</Filter>
    </ClCompile>
    <ClCompile Include="Source\RenderComponent.cpp">
      <Filter>Source</Filter>
    </ClCompile>
    <ClCompile Include="Source\RenderingManager.cpp">
      <Filter>Source</Filter>
    </ClCompile>
    <ClCompile Include="Source\RenderingManagerBase.cpp">
      <Filter>Source</Filter>
    </ClCompile>
    <ClCompile Include="Source\Resources.cpp">
      <Filter>Source</Filter>
    </ClCompile>
    <ClCompile Include="Source\RojakScene2.cpp">
      <Filter>Source</Filter>
    </ClCompile>
    <ClCompile Include="Source\Scene.cpp">
      <Filter>Source</Filter>
    </ClCompile>
    <ClCompile Include="Source\SceneManager.cpp">
      <Filter>Source</Filter>
    </ClCompile>
    <ClCompile Include="Source\ScriptComponent.cpp">
      <Filter>Source</Filter>
    </ClCompile>
    <ClCompile Include="Source\shader.cpp">
      <Filter>Source</Filter>
    </ClCompile>
    <ClCompile Include="Source\StandingState.cpp">
      <Filter>Source</Filter>
    </ClCompile>
    <ClCompile Include="Source\Time.cpp">
      <Filter>Source</Filter>
    </ClCompile>
    <ClCompile Include="Source\TransformComponent.cpp">
      <Filter>Source</Filter>
    </ClCompile>
    <ClCompile Include="Source\Utility.cpp">
      <Filter>Source</Filter>
    </ClCompile>
    <ClCompile Include="Source\WorldValues.cpp">
      <Filter>Source</Filter>
    </ClCompile>
    <ClCompile Include="Source\AnimatedMesh.cpp">
      <Filter>Source</Filter>
    </ClCompile>
    <ClCompile Include="Source\Application.cpp">
      <Filter>Source</Filter>
    </ClCompile>
    <ClCompile Include="Source\AudioManager.cpp">
      <Filter>Source</Filter>
    </ClCompile>
    <ClCompile Include="Source\Camera.cpp">
      <Filter>Source</Filter>
    </ClCompile>
    <ClCompile Include="Source\CameraComponent.cpp">
      <Filter>Source</Filter>
    </ClCompile>
    <ClCompile Include="Source\ComponentBase.cpp">
      <Filter>Source</Filter>
    </ClCompile>
    <ClCompile Include="Source\DataContainer.cpp">
      <Filter>Source</Filter>
    </ClCompile>
    <ClCompile Include="Source\DepthFBO.cpp">
      <Filter>Source</Filter>
    </ClCompile>
    <ClCompile Include="Source\Engine.cpp">
      <Filter>Source</Filter>
    </ClCompile>
    <ClCompile Include="Source\FPSScript.cpp">
      <Filter>Source</Filter>
    </ClCompile>
    <ClCompile Include="Source\GameObject.cpp">
      <Filter>Source</Filter>
    </ClCompile>
    <ClCompile Include="Source\GameObjectManager.cpp">
      <Filter>Source</Filter>
    </ClCompile>
    <ClCompile Include="Source\KeyboardManager.cpp">
      <Filter>Source</Filter>
    </ClCompile>
    <ClCompile Include="Source\LayerData.cpp">
      <Filter>Source</Filter>
    </ClCompile>
    <ClCompile Include="Source\LightManager.cpp">
      <Filter>Source</Filter>
    </ClCompile>
    <ClCompile Include="Source\LoadHmap.cpp">
      <Filter>Source</Filter>
    </ClCompile>
    <ClCompile Include="Source\LoadOBJ.cpp">
      <Filter>Source</Filter>
    </ClCompile>
    <ClCompile Include="Source\LoadTGA.cpp">
      <Filter>Source</Filter>
    </ClCompile>
    <ClCompile Include="Source\Locator.cpp">
      <Filter>Source</Filter>
    </ClCompile>
    <ClCompile Include="Source\LogData.cpp">
      <Filter>Source</Filter>
    </ClCompile>
    <ClCompile Include="Source\Logger.cpp">
      <Filter>Source</Filter>
    </ClCompile>
    <ClCompile Include="Source\main.cpp">
      <Filter>Source</Filter>
    </ClCompile>
    <ClCompile Include="Source\Mesh.cpp">
      <Filter>Source</Filter>
    </ClCompile>
    <ClCompile Include="Source\MeshBuilder.cpp">
      <Filter>Source</Filter>
    </ClCompile>
    <ClCompile Include="Source\PlayerScript.cpp">
      <Filter>Source</Filter>
    </ClCompile>
    <ClCompile Include="Source\ProneState.cpp">
      <Filter>Source</Filter>
    </ClCompile>
    <ClCompile Include="Source\RenderComponent.cpp">
      <Filter>Source</Filter>
    </ClCompile>
    <ClCompile Include="Source\RenderingManager.cpp">
      <Filter>Source</Filter>
    </ClCompile>
    <ClCompile Include="Source\RenderingManagerBase.cpp">
      <Filter>Source</Filter>
    </ClCompile>
    <ClCompile Include="Source\Scene.cpp">
      <Filter>Source</Filter>
    </ClCompile>
    <ClCompile Include="Source\SceneManager.cpp">
      <Filter>Source</Filter>
    </ClCompile>
    <ClCompile Include="Source\ScriptComponent.cpp">
      <Filter>Source</Filter>
    </ClCompile>
    <ClCompile Include="Source\shader.cpp">
      <Filter>Source</Filter>
    </ClCompile>
    <ClCompile Include="Source\TransformComponent.cpp">
      <Filter>Source</Filter>
    </ClCompile>
    <ClCompile Include="Source\Utility.cpp">
      <Filter>Source</Filter>
    </ClCompile>
    <ClCompile Include="Source\CollisionManager.cpp">
      <Filter>Source</Filter>
    </ClCompile>
    <ClCompile Include="Source\Rigidbody.cpp">
      <Filter>Source</Filter>
    </ClCompile>
    <ClCompile Include="Source\BlackholeScript.cpp">
      <Filter>Source</Filter>
    </ClCompile>
  </ItemGroup>
  <ItemGroup>
    <ClInclude Include="Source\LightManager.h" />
    <ClInclude Include="Source\AnimatedMesh.h">
      <Filter>Source</Filter>
    </ClInclude>
    <ClInclude Include="Source\Animation.h">
      <Filter>Source</Filter>
    </ClInclude>
    <ClInclude Include="Source\Application.h">
      <Filter>Source</Filter>
    </ClInclude>
    <ClInclude Include="Source\AudioManager.h">
      <Filter>Source</Filter>
    </ClInclude>
    <ClInclude Include="Source\Blackhole.h">
      <Filter>Source</Filter>
    </ClInclude>
    <ClInclude Include="Source\Camera.h">
      <Filter>Source</Filter>
    </ClInclude>
    <ClInclude Include="Source\CameraComponent.h">
      <Filter>Source</Filter>
    </ClInclude>
    <ClInclude Include="Source\ComponentBase.h">
      <Filter>Source</Filter>
    </ClInclude>
    <ClInclude Include="Source\ComponentMacros.h">
      <Filter>Source</Filter>
    </ClInclude>
    <ClInclude Include="Source\Constrain.h">
      <Filter>Source</Filter>
    </ClInclude>
    <ClInclude Include="Source\CrouchingState.h">
      <Filter>Source</Filter>
    </ClInclude>
    <ClInclude Include="Source\DataContainer.h">
      <Filter>Source</Filter>
    </ClInclude>
    <ClInclude Include="Source\DepthFBO.h">
      <Filter>Source</Filter>
    </ClInclude>
    <ClInclude Include="Source\Engine.h">
      <Filter>Source</Filter>
    </ClInclude>
    <ClInclude Include="Source\GameObject.h">
      <Filter>Source</Filter>
    </ClInclude>
    <ClInclude Include="Source\GameObjectManager.h">
      <Filter>Source</Filter>
    </ClInclude>
    <ClInclude Include="Source\HeightMapData.h">
      <Filter>Source</Filter>
    </ClInclude>
    <ClInclude Include="Source\KeyboardManager.h">
      <Filter>Source</Filter>
    </ClInclude>
    <ClInclude Include="Source\LayerData.h">
      <Filter>Source</Filter>
    </ClInclude>
    <ClInclude Include="Source\Light.h">
      <Filter>Source</Filter>
    </ClInclude>
    <ClInclude Include="Source\LightManager.h">
      <Filter>Source</Filter>
    </ClInclude>
    <ClInclude Include="Source\LoadHmap.h">
      <Filter>Source</Filter>
    </ClInclude>
    <ClInclude Include="Source\LoadOBJ.h">
      <Filter>Source</Filter>
    </ClInclude>
    <ClInclude Include="Source\LoadTGA.h">
      <Filter>Source</Filter>
    </ClInclude>
    <ClInclude Include="Source\Locator.h">
      <Filter>Source</Filter>
    </ClInclude>
    <ClInclude Include="Source\LogData.h">
      <Filter>Source</Filter>
    </ClInclude>
    <ClInclude Include="Source\Logger.h">
      <Filter>Source</Filter>
    </ClInclude>
    <ClInclude Include="Source\Material.h">
      <Filter>Source</Filter>
    </ClInclude>
    <ClInclude Include="Source\Mesh.h">
      <Filter>Source</Filter>
    </ClInclude>
    <ClInclude Include="Source\MeshBuilder.h">
      <Filter>Source</Filter>
    </ClInclude>
    <ClInclude Include="Source\MeshController.h">
      <Filter>Source</Filter>
    </ClInclude>
    <ClInclude Include="Source\ParticleScript.h">
      <Filter>Source</Filter>
    </ClInclude>
    <ClInclude Include="Source\ParticleSpawnerScript.h">
      <Filter>Source</Filter>
    </ClInclude>
    <ClInclude Include="Source\PhysicsMaterial.h">
      <Filter>Source</Filter>
    </ClInclude>
    <ClInclude Include="Source\PlayerState.h">
      <Filter>Source</Filter>
    </ClInclude>
    <ClInclude Include="Source\Preferences.h">
      <Filter>Source</Filter>
    </ClInclude>
    <ClInclude Include="Source\RenderComponent.h">
      <Filter>Source</Filter>
    </ClInclude>
    <ClInclude Include="Source\Renderer.h">
      <Filter>Source</Filter>
    </ClInclude>
    <ClInclude Include="Source\RenderingManager.h">
      <Filter>Source</Filter>
    </ClInclude>
    <ClInclude Include="Source\RenderingManagerBase.h">
      <Filter>Source</Filter>
    </ClInclude>
    <ClInclude Include="Source\Resources.h">
      <Filter>Source</Filter>
    </ClInclude>
    <ClInclude Include="Source\RojakScene2.h">
      <Filter>Source</Filter>
    </ClInclude>
    <ClInclude Include="Source\Scene.h">
      <Filter>Source</Filter>
    </ClInclude>
    <ClInclude Include="Source\SceneManager.h">
      <Filter>Source</Filter>
    </ClInclude>
    <ClInclude Include="Source\ScriptComponent.h">
      <Filter>Source</Filter>
    </ClInclude>
    <ClInclude Include="Source\shader.hpp">
      <Filter>Source</Filter>
    </ClInclude>
    <ClInclude Include="Source\Singleton.h">
      <Filter>Source</Filter>
    </ClInclude>
    <ClInclude Include="Source\StandingState.h">
      <Filter>Source</Filter>
    </ClInclude>
    <ClInclude Include="Source\Time.h">
      <Filter>Source</Filter>
    </ClInclude>
    <ClInclude Include="Source\TransformComponent.h">
      <Filter>Source</Filter>
    </ClInclude>
    <ClInclude Include="Source\Utility.h">
      <Filter>Source</Filter>
    </ClInclude>
    <ClInclude Include="Source\Vertex.h">
      <Filter>Source</Filter>
    </ClInclude>
    <ClInclude Include="Source\WorldValues.h">
      <Filter>Source</Filter>
    </ClInclude>
    <ClInclude Include="Source\FPSScript.h">
      <Filter>Source</Filter>
    </ClInclude>
    <ClInclude Include="Source\LightManager.h">
      <Filter>Source</Filter>
    </ClInclude>
    <ClInclude Include="Source\PlayerScript.h">
      <Filter>Source</Filter>
    </ClInclude>
    <ClInclude Include="Source\ProneState.h">
      <Filter>Source</Filter>
    </ClInclude>
    <ClInclude Include="Source\CollisionManager.h">
      <Filter>Source</Filter>
    </ClInclude>
    <ClInclude Include="Source\Rigidbody.h">
      <Filter>Source</Filter>
    </ClInclude>
    <ClInclude Include="Source\BlackholeScript.h">
      <Filter>Source</Filter>
    </ClInclude>
  </ItemGroup>
  <ItemGroup>
    <None Include="Shader\comg.fragmentshader">
      <Filter>Shaders</Filter>
    </None>
    <None Include="Shader\comg.vertexshader">
      <Filter>Shaders</Filter>
    </None>
    <None Include="Shader\Fog.fragmentshader">
      <Filter>Shaders</Filter>
    </None>
    <None Include="Shader\Fog.vertexshader">
      <Filter>Shaders</Filter>
    </None>
    <None Include="Shader\HeatWave.fragmentshader">
      <Filter>Shaders</Filter>
    </None>
    <None Include="Shader\HeatWave.vertexshader">
      <Filter>Shaders</Filter>
    </None>
    <None Include="Shader\MultiTexture.fragmentshader">
      <Filter>Shaders</Filter>
    </None>
    <None Include="Shader\water.fragmentshader">
      <Filter>Shaders</Filter>
    </None>
    <None Include="Shader\water.vertexshader">
      <Filter>Shaders</Filter>
    </None>
    <None Include="Shader\MultiTexture.fragmentshader">
      <Filter>Source</Filter>
    </None>
  </ItemGroup>
  <ItemGroup>
    <Filter Include="Source">
      <UniqueIdentifier>{e2f74da9-b46e-4698-9653-9d0431633358}</UniqueIdentifier>
    </Filter>
    <Filter Include="Shaders">
      <UniqueIdentifier>{3a2cf813-02f8-4049-8f79-eadc2918aa57}</UniqueIdentifier>
    </Filter>
  </ItemGroup>
</Project>